# This file is automatically @generated by Cargo.
# It is not intended for manual editing.
[[package]]
name = "anyhow"
version = "1.0.33"
source = "registry+https://github.com/rust-lang/crates.io-index"
checksum = "a1fd36ffbb1fb7c834eac128ea8d0e310c5aeb635548f9d58861e1308d46e71c"

[[package]]
name = "arc-swap"
version = "0.4.7"
source = "registry+https://github.com/rust-lang/crates.io-index"
checksum = "4d25d88fd6b8041580a654f9d0c581a047baee2b3efee13275f2fc392fc75034"

[[package]]
name = "bitflags"
version = "1.2.1"
source = "registry+https://github.com/rust-lang/crates.io-index"
checksum = "cf1de2fe8c75bc145a2f577add951f8134889b4795d47466a54a5c846d691693"

[[package]]
name = "cc"
version = "1.0.61"
source = "registry+https://github.com/rust-lang/crates.io-index"
checksum = "ed67cbde08356238e75fc4656be4749481eeffb09e19f320a25237d5221c985d"

[[package]]
name = "cfg-if"
version = "0.1.10"
source = "registry+https://github.com/rust-lang/crates.io-index"
checksum = "4785bdd1c96b2a846b2bd7cc02e86b6b3dbf14e7e53446c4f54c92a361040822"

[[package]]
name = "dwm"
version = "0.1.0"
dependencies = [
 "anyhow",
 "libc",
 "nix",
 "signal-hook",
 "x11rb",
]

[[package]]
name = "gethostname"
version = "0.2.1"
source = "registry+https://github.com/rust-lang/crates.io-index"
checksum = "e692e296bfac1d2533ef168d0b60ff5897b8b70a4009276834014dd8924cc028"
dependencies = [
 "libc",
 "winapi",
]

[[package]]
name = "libc"
version = "0.2.79"
source = "registry+https://github.com/rust-lang/crates.io-index"
checksum = "2448f6066e80e3bfc792e9c98bf705b4b0fc6e8ef5b43e5889aff0eaa9c58743"

[[package]]
name = "nix"
version = "0.18.0"
source = "registry+https://github.com/rust-lang/crates.io-index"
checksum = "83450fe6a6142ddd95fb064b746083fc4ef1705fe81f64a64e1d4b39f54a1055"
dependencies = [
 "bitflags",
 "cc",
 "cfg-if",
 "libc",
]

[[package]]
name = "signal-hook"
version = "0.1.16"
source = "registry+https://github.com/rust-lang/crates.io-index"
checksum = "604508c1418b99dfe1925ca9224829bb2a8a9a04dda655cc01fcad46f4ab05ed"
dependencies = [
 "libc",
 "signal-hook-registry",
]

[[package]]
name = "signal-hook-registry"
version = "1.2.1"
source = "registry+https://github.com/rust-lang/crates.io-index"
checksum = "a3e12110bc539e657a646068aaf5eb5b63af9d0c1f7b29c97113fad80e15f035"
dependencies = [
 "arc-swap",
 "libc",
]

[[package]]
name = "winapi"
version = "0.3.9"
source = "registry+https://github.com/rust-lang/crates.io-index"
checksum = "5c839a674fcd7a98952e593242ea400abe93992746761e38641405d28b00f419"
dependencies = [
 "winapi-i686-pc-windows-gnu",
 "winapi-x86_64-pc-windows-gnu",
]

[[package]]
name = "winapi-i686-pc-windows-gnu"
version = "0.4.0"
source = "registry+https://github.com/rust-lang/crates.io-index"
checksum = "ac3b87c63620426dd9b991e5ce0329eff545bccbbb34f3be09ff6fb6ab51b7b6"

[[package]]
name = "winapi-wsapoll"
version = "0.1.1"
source = "registry+https://github.com/rust-lang/crates.io-index"
checksum = "44c17110f57155602a80dca10be03852116403c9ff3cd25b079d666f2aa3df6e"
dependencies = [
 "winapi",
]

[[package]]
name = "winapi-x86_64-pc-windows-gnu"
version = "0.4.0"
source = "registry+https://github.com/rust-lang/crates.io-index"
checksum = "712e227841d057c1ee1cd2fb22fa7e5a5461ae8e48fa2ca79ec42cfc1931183f"

[[package]]
name = "x11rb"
version = "0.7.0"
source = "registry+https://github.com/rust-lang/crates.io-index"
checksum = "232bc353846d5350d7a815c249209f9545f1d5c725dca846a5ae383a70f30fa5"
dependencies = [
 "gethostname",
 "nix",
 "winapi",
 "winapi-wsapoll",
]
